
Microsoft Visual Studio Solution File, Format Version 12.00
# Visual Studio Version 17
VisualStudioVersion = 17.5.33414.496
MinimumVisualStudioVersion = 10.0.40219.1
Project("{FAE04EC0-301F-11D3-BF4B-00C04F79EFBC}") = "3", "3.csproj", "{A87E9E1C-2AA7-44FF-9839-56D03965BAF7}"
EndProject
Global
	GlobalSection(SolutionConfigurationPlatforms) = preSolution
		Debug|Any CPU = Debug|Any CPU
		Release|Any CPU = Release|Any CPU
	EndGlobalSection
	GlobalSection(ProjectConfigurationPlatforms) = postSolution
		{A87E9E1C-2AA7-44FF-9839-56D03965BAF7}.Debug|Any CPU.ActiveCfg = Debug|Any CPU
		{A87E9E1C-2AA7-44FF-9839-56D03965BAF7}.Debug|Any CPU.Build.0 = Debug|Any CPU
		{A87E9E1C-2AA7-44FF-9839-56D03965BAF7}.Release|Any CPU.ActiveCfg = Release|Any CPU
		{A87E9E1C-2AA7-44FF-9839-56D03965BAF7}.Release|Any CPU.Build.0 = Release|Any CPU
	EndGlobalSection
	GlobalSection(SolutionProperties) = preSolution
		HideSolutionNode = FALSE
	EndGlobalSection
	GlobalSection(ExtensibilityGlobals) = postSolution
		SolutionGuid = {F38CFF69-F198-4FEB-BA22-E79138B74521}
	EndGlobalSection
EndGlobal
